
Microsoft Visual Studio Solution File, Format Version 12.00
# Visual Studio 2013
VisualStudioVersion = 12.0.21005.1
MinimumVisualStudioVersion = 10.0.40219.1
Project("{FAE04EC0-301F-11D3-BF4B-00C04F79EFBC}") = "CURS 2 PROBLEMS", "CURS 2 PROBLEMS\CURS 2 PROBLEMS.csproj", "{E6E08B04-A7B5-4208-AEC8-83A1C9F5050F}"
EndProject
Global
	GlobalSection(SolutionConfigurationPlatforms) = preSolution
		Debug|Any CPU = Debug|Any CPU
		Release|Any CPU = Release|Any CPU
	EndGlobalSection
	GlobalSection(ProjectConfigurationPlatforms) = postSolution
		{E6E08B04-A7B5-4208-AEC8-83A1C9F5050F}.Debug|Any CPU.ActiveCfg = Debug|Any CPU
		{E6E08B04-A7B5-4208-AEC8-83A1C9F5050F}.Debug|Any CPU.Build.0 = Debug|Any CPU
		{E6E08B04-A7B5-4208-AEC8-83A1C9F5050F}.Release|Any CPU.ActiveCfg = Release|Any CPU
		{E6E08B04-A7B5-4208-AEC8-83A1C9F5050F}.Release|Any CPU.Build.0 = Release|Any CPU
	EndGlobalSection
	GlobalSection(SolutionProperties) = preSolution
		HideSolutionNode = FALSE
	EndGlobalSection
EndGlobal
